#MicroXplorer Configuration settings - do not modify
CAN.BS1=CAN_BS1_10TQ
CAN.BS2=CAN_BS2_1TQ
CAN.CalculateBaudRate=500000
CAN.CalculateTimeBit=1999.99
CAN.CalculateTimeQuantum=166.66666666666669
CAN.IPParameters=CalculateTimeQuantum,CalculateTimeBit,Prescaler,BS1,BS2,CalculateBaudRate
CAN.Prescaler=6
FREERTOS.FootprintOK=true
FREERTOS.IPParameters=Tasks01,configUSE_TICKLESS_IDLE,FootprintOK,Queues01,configTOTAL_HEAP_SIZE
FREERTOS.Queues01=CAN_SEND_QUEUE,40,CAN_OBJECT*,0,Dynamic,NULL,NULL;CAN_RECEIVE_QUEUE,40,RECEIVED_CAN_OBJECT,0,Dynamic,NULL,NULL
FREERTOS.Tasks01=canSendTask,1,128,StartCanTask,Default,NULL,Dynamic,NULL,NULL;canReceiveTask,0,128,StartCanReceiveTask,Default,NULL,Dynamic,NULL,NULL;tamperTask,-3,128,StartTamperTask,Default,NULL,Dynamic,NULL,NULL;initTask,3,128,StartInitTask,Default,NULL,Dynamic,NULL,NULL;heartbeatTask,-3,128,StartHeartbeatTask,Default,NULL,Dynamic,NULL,NULL
FREERTOS.configTOTAL_HEAP_SIZE=6144
FREERTOS.configUSE_TICKLESS_IDLE=1
File.Version=6
KeepUserPlacement=false
Mcu.Family=STM32F1
Mcu.IP0=CAN
Mcu.IP1=FREERTOS
Mcu.IP2=I2C1
Mcu.IP3=NVIC
Mcu.IP4=RCC
Mcu.IP5=SYS
Mcu.IP6=USART1
Mcu.IPNb=7
Mcu.Name=STM32F103C(8-B)Tx
Mcu.Package=LQFP48
Mcu.Pin0=PC13-TAMPER-RTC
Mcu.Pin1=PC14-OSC32_IN
Mcu.Pin10=PA10
Mcu.Pin11=PA13
Mcu.Pin12=PA14
Mcu.Pin13=PB5
Mcu.Pin14=PB6
Mcu.Pin15=PB7
Mcu.Pin16=PB8
Mcu.Pin17=PB9
Mcu.Pin18=VP_FREERTOS_VS_CMSIS_V1
Mcu.Pin19=VP_SYS_VS_tim1
Mcu.Pin2=PD0-OSC_IN
Mcu.Pin3=PD1-OSC_OUT
Mcu.Pin4=PA1
Mcu.Pin5=PA2
Mcu.Pin6=PA3
Mcu.Pin7=PA4
Mcu.Pin8=PA5
Mcu.Pin9=PA9
Mcu.PinsNb=20
Mcu.ThirdPartyNb=0
Mcu.UserConstants=
Mcu.UserName=STM32F103C8Tx
MxCube.Version=6.1.0
MxDb.Version=DB.6.0.10
NVIC.BusFault_IRQn=true\:0\:0\:false\:false\:true\:false\:true\:false
NVIC.DebugMonitor_IRQn=true\:0\:0\:false\:false\:true\:false\:true\:false
NVIC.EXTI9_5_IRQn=true\:5\:0\:false\:false\:true\:true\:true\:true
NVIC.ForceEnableDMAVector=true
NVIC.HardFault_IRQn=true\:0\:0\:false\:false\:true\:false\:true\:false
NVIC.MemoryManagement_IRQn=true\:0\:0\:false\:false\:true\:false\:true\:false
NVIC.NonMaskableInt_IRQn=true\:0\:0\:false\:false\:true\:false\:true\:false
NVIC.PendSV_IRQn=true\:15\:0\:false\:false\:false\:true\:true\:false
NVIC.PriorityGroup=NVIC_PRIORITYGROUP_4
NVIC.SVCall_IRQn=true\:0\:0\:false\:false\:false\:false\:true\:false
NVIC.SavedPendsvIrqHandlerGenerated=true
NVIC.SavedSvcallIrqHandlerGenerated=true
NVIC.SavedSystickIrqHandlerGenerated=true
NVIC.SysTick_IRQn=true\:15\:0\:false\:false\:false\:true\:true\:true
NVIC.TIM1_UP_IRQn=true\:0\:0\:false\:false\:true\:false\:true\:true
NVIC.TimeBase=TIM1_UP_IRQn
NVIC.TimeBaseIP=TIM1
NVIC.USB_HP_CAN1_TX_IRQn=true\:5\:0\:false\:false\:true\:true\:true\:true
NVIC.USB_LP_CAN1_RX0_IRQn=true\:5\:0\:false\:false\:true\:true\:true\:true
NVIC.UsageFault_IRQn=true\:0\:0\:false\:false\:true\:false\:true\:false
PA1.GPIOParameters=PinState,GPIO_Label
PA1.GPIO_Label=RELAY_1
PA1.Locked=true
PA1.PinState=GPIO_PIN_RESET
PA1.Signal=GPIO_Output
PA10.Mode=Asynchronous
PA10.Signal=USART1_RX
PA13.Mode=Serial_Wire
PA13.Signal=SYS_JTMS-SWDIO
PA14.Mode=Serial_Wire
PA14.Signal=SYS_JTCK-SWCLK
PA2.GPIOParameters=PinState,GPIO_Label
PA2.GPIO_Label=RELAY_2
PA2.Locked=true
PA2.PinState=GPIO_PIN_RESET
PA2.Signal=GPIO_Output
PA3.GPIOParameters=PinState,GPIO_Label
PA3.GPIO_Label=RELAY_3
PA3.Locked=true
PA3.PinState=GPIO_PIN_RESET
PA3.Signal=GPIO_Output
PA4.GPIOParameters=PinState,GPIO_Label
PA4.GPIO_Label=RELAY_4
PA4.Locked=true
PA4.PinState=GPIO_PIN_RESET
PA4.Signal=GPIO_Output
PA5.GPIOParameters=PinState,GPIO_Label
PA5.GPIO_Label=RELAY_5
PA5.Locked=true
PA5.PinState=GPIO_PIN_RESET
PA5.Signal=GPIO_Output
PA9.Mode=Asynchronous
PA9.Signal=USART1_TX
PB5.GPIOParameters=GPIO_Label,GPIO_ModeDefaultEXTI
PB5.GPIO_Label=TAMPER
PB5.GPIO_ModeDefaultEXTI=GPIO_MODE_IT_FALLING
PB5.Locked=true
PB5.Signal=GPXTI5
PB6.GPIOParameters=GPIO_Label
PB6.GPIO_Label=I2C_SCL
PB6.Mode=I2C
PB6.Signal=I2C1_SCL
PB7.GPIOParameters=GPIO_Label
PB7.GPIO_Label=I2C_SDA
PB7.Mode=I2C
PB7.Signal=I2C1_SDA
PB8.Locked=true
PB8.Mode=CAN_Activate
PB8.Signal=CAN_RX
PB9.Locked=true
PB9.Mode=CAN_Activate
PB9.Signal=CAN_TX
PC13-TAMPER-RTC.GPIOParameters=PinState,GPIO_Label
PC13-TAMPER-RTC.GPIO_Label=BUSY_LED
PC13-TAMPER-RTC.Locked=true
PC13-TAMPER-RTC.PinState=GPIO_PIN_SET
PC13-TAMPER-RTC.Signal=GPIO_Output
PC14-OSC32_IN.GPIOParameters=GPIO_Label
PC14-OSC32_IN.GPIO_Label=FACTORY_RESET
PC14-OSC32_IN.Locked=true
PC14-OSC32_IN.Signal=GPIO_Input
PD0-OSC_IN.Mode=HSE-External-Oscillator
PD0-OSC_IN.Signal=RCC_OSC_IN
PD1-OSC_OUT.Mode=HSE-External-Oscillator
PD1-OSC_OUT.Signal=RCC_OSC_OUT
PinOutPanel.RotationAngle=0
ProjectManager.AskForMigrate=true
ProjectManager.BackupPrevious=false
ProjectManager.CompilerOptimize=2
ProjectManager.ComputerToolchain=false
ProjectManager.CoupleFile=true
ProjectManager.CustomerFirmwarePackage=
ProjectManager.DefaultFWLocation=true
ProjectManager.DeletePrevious=true
ProjectManager.DeviceId=STM32F103C8Tx
ProjectManager.FirmwarePackage=STM32Cube FW_F1 V1.8.3
ProjectManager.FreePins=false
ProjectManager.HalAssertFull=true
ProjectManager.HeapSize=0x200
ProjectManager.KeepUserCode=true
ProjectManager.LastFirmware=false
ProjectManager.LibraryCopy=1
ProjectManager.MainLocation=Src
ProjectManager.NoMain=false
ProjectManager.PreviousToolchain=SW4STM32
ProjectManager.ProjectBuild=false
ProjectManager.ProjectFileName=bluepill-can-relay-controller.ioc
ProjectManager.ProjectName=bluepill-can-relay-controller
ProjectManager.RegisterCallBack=
ProjectManager.StackSize=0x400
ProjectManager.TargetToolchain=STM32CubeIDE
ProjectManager.ToolChainLocation=
ProjectManager.UnderRoot=true
ProjectManager.functionlistsort=1-MX_GPIO_Init-GPIO-false-HAL-true,2-SystemClock_Config-RCC-false-HAL-false,3-MX_CAN_Init-CAN-false-HAL-true,4-MX_USART1_UART_Init-USART1-false-HAL-true,5-MX_I2C1_Init-I2C1-false-HAL-true
RCC.ADCFreqValue=36000000
RCC.AHBFreq_Value=72000000
RCC.APB1CLKDivider=RCC_HCLK_DIV2
RCC.APB1Freq_Value=36000000
RCC.APB1TimFreq_Value=72000000
RCC.APB2Freq_Value=72000000
RCC.APB2TimFreq_Value=72000000
RCC.FCLKCortexFreq_Value=72000000
RCC.FamilyName=M
RCC.HCLKFreq_Value=72000000
RCC.IPParameters=ADCFreqValue,AHBFreq_Value,APB1CLKDivider,APB1Freq_Value,APB1TimFreq_Value,APB2Freq_Value,APB2TimFreq_Value,FCLKCortexFreq_Value,FamilyName,HCLKFreq_Value,MCOFreq_Value,PLLCLKFreq_Value,PLLMCOFreq_Value,PLLMUL,PLLSourceVirtual,SYSCLKFreq_VALUE,SYSCLKSource,TimSysFreq_Value,USBFreq_Value,VCOOutput2Freq_Value
RCC.MCOFreq_Value=72000000
RCC.PLLCLKFreq_Value=72000000
RCC.PLLMCOFreq_Value=36000000
RCC.PLLMUL=RCC_PLL_MUL9
RCC.PLLSourceVirtual=RCC_PLLSOURCE_HSE
RCC.SYSCLKFreq_VALUE=72000000
RCC.SYSCLKSource=RCC_SYSCLKSOURCE_PLLCLK
RCC.TimSysFreq_Value=72000000
RCC.USBFreq_Value=72000000
RCC.VCOOutput2Freq_Value=8000000
SH.GPXTI5.0=GPIO_EXTI5
SH.GPXTI5.ConfNb=1
USART1.IPParameters=VirtualMode
USART1.VirtualMode=VM_ASYNC
VP_FREERTOS_VS_CMSIS_V1.Mode=CMSIS_V1
VP_FREERTOS_VS_CMSIS_V1.Signal=FREERTOS_VS_CMSIS_V1
VP_SYS_VS_tim1.Mode=TIM1
VP_SYS_VS_tim1.Signal=SYS_VS_tim1
board=bluepill_relay_control
isbadioc=false
